// !$*UTF8*$!
{
	archiveVersion = 1;
	classes = {
	};
	objectVersion = 46;
	objects = {

/* Begin PBXBuildFile section */
		BE02DD2F1D08A0730079075A /* ToneAnalyzerViewController.swift in Sources */ = {isa = PBXBuildFile; fileRef = BE02DD2E1D08A0730079075A /* ToneAnalyzerViewController.swift */; };
		BE0748FE1D07060200C74E8C /* Alamofire.framework in Frameworks */ = {isa = PBXBuildFile; fileRef = BE0748EF1D07060200C74E8C /* Alamofire.framework */; };
		BE0748FF1D07060200C74E8C /* AlchemyLanguageV1.framework in Frameworks */ = {isa = PBXBuildFile; fileRef = BE0748F01D07060200C74E8C /* AlchemyLanguageV1.framework */; };
		BE0749001D07060200C74E8C /* AlchemyVisionV1.framework in Frameworks */ = {isa = PBXBuildFile; fileRef = BE0748F11D07060200C74E8C /* AlchemyVisionV1.framework */; };
		BE0749011D07060200C74E8C /* DialogV1.framework in Frameworks */ = {isa = PBXBuildFile; fileRef = BE0748F21D07060200C74E8C /* DialogV1.framework */; };
		BE0749021D07060200C74E8C /* Freddy.framework in Frameworks */ = {isa = PBXBuildFile; fileRef = BE0748F31D07060200C74E8C /* Freddy.framework */; };
		BE0749031D07060200C74E8C /* LanguageTranslationV2.framework in Frameworks */ = {isa = PBXBuildFile; fileRef = BE0748F41D07060200C74E8C /* LanguageTranslationV2.framework */; };
		BE0749041D07060200C74E8C /* NaturalLanguageClassifierV1.framework in Frameworks */ = {isa = PBXBuildFile; fileRef = BE0748F51D07060200C74E8C /* NaturalLanguageClassifierV1.framework */; };
		BE0749051D07060200C74E8C /* ObjectMapper.framework in Frameworks */ = {isa = PBXBuildFile; fileRef = BE0748F61D07060200C74E8C /* ObjectMapper.framework */; };
		BE0749061D07060200C74E8C /* PersonalityInsightsV2.framework in Frameworks */ = {isa = PBXBuildFile; fileRef = BE0748F71D07060200C74E8C /* PersonalityInsightsV2.framework */; };
		BE0749071D07060200C74E8C /* RestKit.framework in Frameworks */ = {isa = PBXBuildFile; fileRef = BE0748F81D07060200C74E8C /* RestKit.framework */; };
		BE0749081D07060200C74E8C /* SpeechToTextV1.framework in Frameworks */ = {isa = PBXBuildFile; fileRef = BE0748F91D07060200C74E8C /* SpeechToTextV1.framework */; };
		BE0749091D07060200C74E8C /* Starscream.framework in Frameworks */ = {isa = PBXBuildFile; fileRef = BE0748FA1D07060200C74E8C /* Starscream.framework */; };
		BE07490A1D07060200C74E8C /* TextToSpeechV1.framework in Frameworks */ = {isa = PBXBuildFile; fileRef = BE0748FB1D07060200C74E8C /* TextToSpeechV1.framework */; };
		BE07490B1D07060200C74E8C /* ToneAnalyzerV3.framework in Frameworks */ = {isa = PBXBuildFile; fileRef = BE0748FC1D07060200C74E8C /* ToneAnalyzerV3.framework */; };
		BE07490C1D07060200C74E8C /* VisualRecognitionV3.framework in Frameworks */ = {isa = PBXBuildFile; fileRef = BE0748FD1D07060200C74E8C /* VisualRecognitionV3.framework */; };
		BE0749101D07067400C74E8C /* Alamofire.framework in CopyFiles */ = {isa = PBXBuildFile; fileRef = BE0748EF1D07060200C74E8C /* Alamofire.framework */; settings = {ATTRIBUTES = (CodeSignOnCopy, RemoveHeadersOnCopy, ); }; };
		BE0749111D07067400C74E8C /* Freddy.framework in CopyFiles */ = {isa = PBXBuildFile; fileRef = BE0748F31D07060200C74E8C /* Freddy.framework */; settings = {ATTRIBUTES = (CodeSignOnCopy, RemoveHeadersOnCopy, ); }; };
		BE0749121D07067400C74E8C /* ObjectMapper.framework in CopyFiles */ = {isa = PBXBuildFile; fileRef = BE0748F61D07060200C74E8C /* ObjectMapper.framework */; settings = {ATTRIBUTES = (CodeSignOnCopy, RemoveHeadersOnCopy, ); }; };
		BE0749131D07067400C74E8C /* RestKit.framework in CopyFiles */ = {isa = PBXBuildFile; fileRef = BE0748F81D07060200C74E8C /* RestKit.framework */; settings = {ATTRIBUTES = (CodeSignOnCopy, RemoveHeadersOnCopy, ); }; };
		BE0749141D07067400C74E8C /* AlchemyLanguageV1.framework in CopyFiles */ = {isa = PBXBuildFile; fileRef = BE0748F01D07060200C74E8C /* AlchemyLanguageV1.framework */; settings = {ATTRIBUTES = (CodeSignOnCopy, RemoveHeadersOnCopy, ); }; };
		BE0749151D07067400C74E8C /* AlchemyVisionV1.framework in CopyFiles */ = {isa = PBXBuildFile; fileRef = BE0748F11D07060200C74E8C /* AlchemyVisionV1.framework */; settings = {ATTRIBUTES = (CodeSignOnCopy, RemoveHeadersOnCopy, ); }; };
		BE0749161D07067400C74E8C /* DialogV1.framework in CopyFiles */ = {isa = PBXBuildFile; fileRef = BE0748F21D07060200C74E8C /* DialogV1.framework */; settings = {ATTRIBUTES = (CodeSignOnCopy, RemoveHeadersOnCopy, ); }; };
		BE0749171D07067400C74E8C /* LanguageTranslationV2.framework in CopyFiles */ = {isa = PBXBuildFile; fileRef = BE0748F41D07060200C74E8C /* LanguageTranslationV2.framework */; settings = {ATTRIBUTES = (CodeSignOnCopy, RemoveHeadersOnCopy, ); }; };
		BE0749181D07067400C74E8C /* NaturalLanguageClassifierV1.framework in CopyFiles */ = {isa = PBXBuildFile; fileRef = BE0748F51D07060200C74E8C /* NaturalLanguageClassifierV1.framework */; settings = {ATTRIBUTES = (CodeSignOnCopy, RemoveHeadersOnCopy, ); }; };
		BE0749191D07067400C74E8C /* PersonalityInsightsV2.framework in CopyFiles */ = {isa = PBXBuildFile; fileRef = BE0748F71D07060200C74E8C /* PersonalityInsightsV2.framework */; settings = {ATTRIBUTES = (CodeSignOnCopy, RemoveHeadersOnCopy, ); }; };
		BE07491A1D07067400C74E8C /* SpeechToTextV1.framework in CopyFiles */ = {isa = PBXBuildFile; fileRef = BE0748F91D07060200C74E8C /* SpeechToTextV1.framework */; settings = {ATTRIBUTES = (CodeSignOnCopy, RemoveHeadersOnCopy, ); }; };
		BE07491B1D07067400C74E8C /* Starscream.framework in CopyFiles */ = {isa = PBXBuildFile; fileRef = BE0748FA1D07060200C74E8C /* Starscream.framework */; settings = {ATTRIBUTES = (CodeSignOnCopy, RemoveHeadersOnCopy, ); }; };
		BE07491C1D07067400C74E8C /* TextToSpeechV1.framework in CopyFiles */ = {isa = PBXBuildFile; fileRef = BE0748FB1D07060200C74E8C /* TextToSpeechV1.framework */; settings = {ATTRIBUTES = (CodeSignOnCopy, RemoveHeadersOnCopy, ); }; };
		BE07491D1D07067400C74E8C /* ToneAnalyzerV3.framework in CopyFiles */ = {isa = PBXBuildFile; fileRef = BE0748FC1D07060200C74E8C /* ToneAnalyzerV3.framework */; settings = {ATTRIBUTES = (CodeSignOnCopy, RemoveHeadersOnCopy, ); }; };
		BE07491E1D07067400C74E8C /* VisualRecognitionV3.framework in CopyFiles */ = {isa = PBXBuildFile; fileRef = BE0748FD1D07060200C74E8C /* VisualRecognitionV3.framework */; settings = {ATTRIBUTES = (CodeSignOnCopy, RemoveHeadersOnCopy, ); }; };
		BE0749201D0706FB00C74E8C /* Credentials.swift in Sources */ = {isa = PBXBuildFile; fileRef = BE07491F1D0706FB00C74E8C /* Credentials.swift */; };
		BE30820C1D0D6DA9008A4A5F /* UIViewController+Keyboard.swift in Sources */ = {isa = PBXBuildFile; fileRef = BE30820B1D0D6DA8008A4A5F /* UIViewController+Keyboard.swift */; };
		BE4E52641D0BF4C500F1AE8D /* AlchemyVisionViewController.swift in Sources */ = {isa = PBXBuildFile; fileRef = BE4E52631D0BF4C500F1AE8D /* AlchemyVisionViewController.swift */; };
		BE4E52661D0BF4D000F1AE8D /* AlchemyVision.storyboard in Resources */ = {isa = PBXBuildFile; fileRef = BE4E52651D0BF4D000F1AE8D /* AlchemyVision.storyboard */; };
		BE4E52681D0BF50900F1AE8D /* Dialog.storyboard in Resources */ = {isa = PBXBuildFile; fileRef = BE4E52671D0BF50900F1AE8D /* Dialog.storyboard */; };
		BE4E526A1D0BF51100F1AE8D /* DialogViewController.swift in Sources */ = {isa = PBXBuildFile; fileRef = BE4E52691D0BF51100F1AE8D /* DialogViewController.swift */; };
		BE4E526C1D0BF51C00F1AE8D /* LanguageTranslationViewController.swift in Sources */ = {isa = PBXBuildFile; fileRef = BE4E526B1D0BF51C00F1AE8D /* LanguageTranslationViewController.swift */; };
		BE4E526E1D0BF52300F1AE8D /* LanguageTranslation.storyboard in Resources */ = {isa = PBXBuildFile; fileRef = BE4E526D1D0BF52300F1AE8D /* LanguageTranslation.storyboard */; };
		BE4E52701D0BF52E00F1AE8D /* NaturalLanguageClassifier.storyboard in Resources */ = {isa = PBXBuildFile; fileRef = BE4E526F1D0BF52E00F1AE8D /* NaturalLanguageClassifier.storyboard */; };
		BE4E52721D0BF53900F1AE8D /* NaturalLanguageClassifierViewController.swift in Sources */ = {isa = PBXBuildFile; fileRef = BE4E52711D0BF53900F1AE8D /* NaturalLanguageClassifierViewController.swift */; };
		BE4E52741D0BF54300F1AE8D /* PersonalityInsightsViewController.swift in Sources */ = {isa = PBXBuildFile; fileRef = BE4E52731D0BF54300F1AE8D /* PersonalityInsightsViewController.swift */; };
		BE4E52761D0BF54C00F1AE8D /* PersonalityInsights.storyboard in Resources */ = {isa = PBXBuildFile; fileRef = BE4E52751D0BF54C00F1AE8D /* PersonalityInsights.storyboard */; };
		BE4E52781D0BF55400F1AE8D /* SpeechToText.storyboard in Resources */ = {isa = PBXBuildFile; fileRef = BE4E52771D0BF55400F1AE8D /* SpeechToText.storyboard */; };
		BE4E527A1D0BF56000F1AE8D /* SpeechToTextViewController.swift in Sources */ = {isa = PBXBuildFile; fileRef = BE4E52791D0BF56000F1AE8D /* SpeechToTextViewController.swift */; };
		BE4E527C1D0BF56900F1AE8D /* TextToSpeechViewController.swift in Sources */ = {isa = PBXBuildFile; fileRef = BE4E527B1D0BF56900F1AE8D /* TextToSpeechViewController.swift */; };
		BE4E527E1D0BF57300F1AE8D /* TextToSpeech.storyboard in Resources */ = {isa = PBXBuildFile; fileRef = BE4E527D1D0BF57300F1AE8D /* TextToSpeech.storyboard */; };
		BE4E52801D0BF58600F1AE8D /* VisualRecognition.storyboard in Resources */ = {isa = PBXBuildFile; fileRef = BE4E527F1D0BF58600F1AE8D /* VisualRecognition.storyboard */; };
		BE4E52821D0BF59000F1AE8D /* VisualRecognitionViewController.swift in Sources */ = {isa = PBXBuildFile; fileRef = BE4E52811D0BF59000F1AE8D /* VisualRecognitionViewController.swift */; };
		BE4E52841D0BFE6800F1AE8D /* UIViewController+MLAlertView.swift in Sources */ = {isa = PBXBuildFile; fileRef = BE4E52831D0BFE6800F1AE8D /* UIViewController+MLAlertView.swift */; };
		BE4E528D1D0C07D100F1AE8D /* pizza.xml in Resources */ = {isa = PBXBuildFile; fileRef = BE4E528C1D0C07D100F1AE8D /* pizza.xml */; };
		BE5594DC1D0839E600A76EB7 /* ServicesTableViewController.swift in Sources */ = {isa = PBXBuildFile; fileRef = BE5594DB1D0839E600A76EB7 /* ServicesTableViewController.swift */; };
		BE72FC961D1AE518005953DE /* AlchemyDataNewsV1.framework in Frameworks */ = {isa = PBXBuildFile; fileRef = BE72FC921D1AE518005953DE /* AlchemyDataNewsV1.framework */; };
		BE72FC971D1AE518005953DE /* ConversationV1.framework in Frameworks */ = {isa = PBXBuildFile; fileRef = BE72FC931D1AE518005953DE /* ConversationV1.framework */; };
		BE72FC981D1AE518005953DE /* DocumentConversionV1.framework in Frameworks */ = {isa = PBXBuildFile; fileRef = BE72FC941D1AE518005953DE /* DocumentConversionV1.framework */; };
		BE72FC991D1AE518005953DE /* TradeoffAnalyticsV1.framework in Frameworks */ = {isa = PBXBuildFile; fileRef = BE72FC951D1AE518005953DE /* TradeoffAnalyticsV1.framework */; };
		BE72FC9A1D1AE5D6005953DE /* AlchemyDataNewsV1.framework in CopyFiles */ = {isa = PBXBuildFile; fileRef = BE72FC921D1AE518005953DE /* AlchemyDataNewsV1.framework */; settings = {ATTRIBUTES = (CodeSignOnCopy, RemoveHeadersOnCopy, ); }; };
		BE72FC9B1D1AE5D6005953DE /* ConversationV1.framework in CopyFiles */ = {isa = PBXBuildFile; fileRef = BE72FC931D1AE518005953DE /* ConversationV1.framework */; settings = {ATTRIBUTES = (CodeSignOnCopy, RemoveHeadersOnCopy, ); }; };
		BE72FC9C1D1AE5D6005953DE /* DocumentConversionV1.framework in CopyFiles */ = {isa = PBXBuildFile; fileRef = BE72FC941D1AE518005953DE /* DocumentConversionV1.framework */; settings = {ATTRIBUTES = (CodeSignOnCopy, RemoveHeadersOnCopy, ); }; };
		BE72FC9D1D1AE5D6005953DE /* TradeoffAnalyticsV1.framework in CopyFiles */ = {isa = PBXBuildFile; fileRef = BE72FC951D1AE518005953DE /* TradeoffAnalyticsV1.framework */; settings = {ATTRIBUTES = (CodeSignOnCopy, RemoveHeadersOnCopy, ); }; };
		BE9812B51D0A8E5D0089F46E /* LICENSE in Resources */ = {isa = PBXBuildFile; fileRef = BE9812AE1D0A8E5D0089F46E /* LICENSE */; };
		BE9812B61D0A8E5D0089F46E /* MILAlertViewImages.xcassets in Resources */ = {isa = PBXBuildFile; fileRef = BE9812AF1D0A8E5D0089F46E /* MILAlertViewImages.xcassets */; };
		BE9812B71D0A8E5D0089F46E /* MILAlertViewManager.swift in Sources */ = {isa = PBXBuildFile; fileRef = BE9812B01D0A8E5D0089F46E /* MILAlertViewManager.swift */; };
		BE9812B81D0A8E5D0089F46E /* MILAlertView.swift in Sources */ = {isa = PBXBuildFile; fileRef = BE9812B21D0A8E5D0089F46E /* MILAlertView.swift */; };
		BE9812B91D0A8E5D0089F46E /* MILAlertView.xib in Resources */ = {isa = PBXBuildFile; fileRef = BE9812B31D0A8E5D0089F46E /* MILAlertView.xib */; };
		BE9812BA1D0A8E5D0089F46E /* MILFakeMessageAlertView.xib in Resources */ = {isa = PBXBuildFile; fileRef = BE9812B41D0A8E5D0089F46E /* MILFakeMessageAlertView.xib */; };
		BEAB3E491D08A13100E6C40F /* AlchemyLanguage.storyboard in Resources */ = {isa = PBXBuildFile; fileRef = BEAB3E471D08A13100E6C40F /* AlchemyLanguage.storyboard */; };
		BEAB3E4D1D08A16400E6C40F /* ToneAnalyzer.storyboard in Resources */ = {isa = PBXBuildFile; fileRef = BEAB3E4C1D08A16400E6C40F /* ToneAnalyzer.storyboard */; };
		BEE8659F1D06FDB300AB4240 /* AppDelegate.swift in Sources */ = {isa = PBXBuildFile; fileRef = BEE8659E1D06FDB300AB4240 /* AppDelegate.swift */; };
		BEE865A11D06FDB300AB4240 /* AlchemyLanguageViewController.swift in Sources */ = {isa = PBXBuildFile; fileRef = BEE865A01D06FDB300AB4240 /* AlchemyLanguageViewController.swift */; };
		BEE865A41D06FDB300AB4240 /* Main.storyboard in Resources */ = {isa = PBXBuildFile; fileRef = BEE865A21D06FDB300AB4240 /* Main.storyboard */; };
		BEE865A61D06FDB300AB4240 /* Assets.xcassets in Resources */ = {isa = PBXBuildFile; fileRef = BEE865A51D06FDB300AB4240 /* Assets.xcassets */; };
		BEE865A91D06FDB300AB4240 /* LaunchScreen.storyboard in Resources */ = {isa = PBXBuildFile; fileRef = BEE865A71D06FDB300AB4240 /* LaunchScreen.storyboard */; };
/* End PBXBuildFile section */

/* Begin PBXCopyFilesBuildPhase section */
		BE07490F1D07065100C74E8C /* CopyFiles */ = {
			isa = PBXCopyFilesBuildPhase;
			buildActionMask = 2147483647;
			dstPath = "";
			dstSubfolderSpec = 10;
			files = (
				BE72FC9A1D1AE5D6005953DE /* AlchemyDataNewsV1.framework in CopyFiles */,
				BE72FC9B1D1AE5D6005953DE /* ConversationV1.framework in CopyFiles */,
				BE72FC9C1D1AE5D6005953DE /* DocumentConversionV1.framework in CopyFiles */,
				BE72FC9D1D1AE5D6005953DE /* TradeoffAnalyticsV1.framework in CopyFiles */,
				BE0749101D07067400C74E8C /* Alamofire.framework in CopyFiles */,
				BE0749111D07067400C74E8C /* Freddy.framework in CopyFiles */,
				BE0749121D07067400C74E8C /* ObjectMapper.framework in CopyFiles */,
				BE0749131D07067400C74E8C /* RestKit.framework in CopyFiles */,
				BE0749141D07067400C74E8C /* AlchemyLanguageV1.framework in CopyFiles */,
				BE0749151D07067400C74E8C /* AlchemyVisionV1.framework in CopyFiles */,
				BE0749161D07067400C74E8C /* DialogV1.framework in CopyFiles */,
				BE0749171D07067400C74E8C /* LanguageTranslationV2.framework in CopyFiles */,
				BE0749181D07067400C74E8C /* NaturalLanguageClassifierV1.framework in CopyFiles */,
				BE0749191D07067400C74E8C /* PersonalityInsightsV2.framework in CopyFiles */,
				BE07491A1D07067400C74E8C /* SpeechToTextV1.framework in CopyFiles */,
				BE07491B1D07067400C74E8C /* Starscream.framework in CopyFiles */,
				BE07491C1D07067400C74E8C /* TextToSpeechV1.framework in CopyFiles */,
				BE07491D1D07067400C74E8C /* ToneAnalyzerV3.framework in CopyFiles */,
				BE07491E1D07067400C74E8C /* VisualRecognitionV3.framework in CopyFiles */,
			);
			runOnlyForDeploymentPostprocessing = 0;
		};
/* End PBXCopyFilesBuildPhase section */

/* Begin PBXFileReference section */
		BE02DD2E1D08A0730079075A /* ToneAnalyzerViewController.swift */ = {isa = PBXFileReference; fileEncoding = 4; lastKnownFileType = sourcecode.swift; path = ToneAnalyzerViewController.swift; sourceTree = "<group>"; };
		BE0748EF1D07060200C74E8C /* Alamofire.framework */ = {isa = PBXFileReference; lastKnownFileType = wrapper.framework; name = Alamofire.framework; path = Carthage/Build/iOS/Alamofire.framework; sourceTree = "<group>"; };
		BE0748F01D07060200C74E8C /* AlchemyLanguageV1.framework */ = {isa = PBXFileReference; lastKnownFileType = wrapper.framework; name = AlchemyLanguageV1.framework; path = Carthage/Build/iOS/AlchemyLanguageV1.framework; sourceTree = "<group>"; };
		BE0748F11D07060200C74E8C /* AlchemyVisionV1.framework */ = {isa = PBXFileReference; lastKnownFileType = wrapper.framework; name = AlchemyVisionV1.framework; path = Carthage/Build/iOS/AlchemyVisionV1.framework; sourceTree = "<group>"; };
		BE0748F21D07060200C74E8C /* DialogV1.framework */ = {isa = PBXFileReference; lastKnownFileType = wrapper.framework; name = DialogV1.framework; path = Carthage/Build/iOS/DialogV1.framework; sourceTree = "<group>"; };
		BE0748F31D07060200C74E8C /* Freddy.framework */ = {isa = PBXFileReference; lastKnownFileType = wrapper.framework; name = Freddy.framework; path = Carthage/Build/iOS/Freddy.framework; sourceTree = "<group>"; };
		BE0748F41D07060200C74E8C /* LanguageTranslationV2.framework */ = {isa = PBXFileReference; lastKnownFileType = wrapper.framework; name = LanguageTranslationV2.framework; path = Carthage/Build/iOS/LanguageTranslationV2.framework; sourceTree = "<group>"; };
		BE0748F51D07060200C74E8C /* NaturalLanguageClassifierV1.framework */ = {isa = PBXFileReference; lastKnownFileType = wrapper.framework; name = NaturalLanguageClassifierV1.framework; path = Carthage/Build/iOS/NaturalLanguageClassifierV1.framework; sourceTree = "<group>"; };
		BE0748F61D07060200C74E8C /* ObjectMapper.framework */ = {isa = PBXFileReference; lastKnownFileType = wrapper.framework; name = ObjectMapper.framework; path = Carthage/Build/iOS/ObjectMapper.framework; sourceTree = "<group>"; };
		BE0748F71D07060200C74E8C /* PersonalityInsightsV2.framework */ = {isa = PBXFileReference; lastKnownFileType = wrapper.framework; name = PersonalityInsightsV2.framework; path = Carthage/Build/iOS/PersonalityInsightsV2.framework; sourceTree = "<group>"; };
		BE0748F81D07060200C74E8C /* RestKit.framework */ = {isa = PBXFileReference; lastKnownFileType = wrapper.framework; name = RestKit.framework; path = Carthage/Build/iOS/RestKit.framework; sourceTree = "<group>"; };
		BE0748F91D07060200C74E8C /* SpeechToTextV1.framework */ = {isa = PBXFileReference; lastKnownFileType = wrapper.framework; name = SpeechToTextV1.framework; path = Carthage/Build/iOS/SpeechToTextV1.framework; sourceTree = "<group>"; };
		BE0748FA1D07060200C74E8C /* Starscream.framework */ = {isa = PBXFileReference; lastKnownFileType = wrapper.framework; name = Starscream.framework; path = Carthage/Build/iOS/Starscream.framework; sourceTree = "<group>"; };
		BE0748FB1D07060200C74E8C /* TextToSpeechV1.framework */ = {isa = PBXFileReference; lastKnownFileType = wrapper.framework; name = TextToSpeechV1.framework; path = Carthage/Build/iOS/TextToSpeechV1.framework; sourceTree = "<group>"; };
		BE0748FC1D07060200C74E8C /* ToneAnalyzerV3.framework */ = {isa = PBXFileReference; lastKnownFileType = wrapper.framework; name = ToneAnalyzerV3.framework; path = Carthage/Build/iOS/ToneAnalyzerV3.framework; sourceTree = "<group>"; };
		BE0748FD1D07060200C74E8C /* VisualRecognitionV3.framework */ = {isa = PBXFileReference; lastKnownFileType = wrapper.framework; name = VisualRecognitionV3.framework; path = Carthage/Build/iOS/VisualRecognitionV3.framework; sourceTree = "<group>"; };
		BE07491F1D0706FB00C74E8C /* Credentials.swift */ = {isa = PBXFileReference; fileEncoding = 4; lastKnownFileType = sourcecode.swift; path = Credentials.swift; sourceTree = "<group>"; };
		BE30820B1D0D6DA8008A4A5F /* UIViewController+Keyboard.swift */ = {isa = PBXFileReference; fileEncoding = 4; lastKnownFileType = sourcecode.swift; path = "UIViewController+Keyboard.swift"; sourceTree = "<group>"; };
		BE4E52631D0BF4C500F1AE8D /* AlchemyVisionViewController.swift */ = {isa = PBXFileReference; fileEncoding = 4; lastKnownFileType = sourcecode.swift; path = AlchemyVisionViewController.swift; sourceTree = "<group>"; };
		BE4E52651D0BF4D000F1AE8D /* AlchemyVision.storyboard */ = {isa = PBXFileReference; fileEncoding = 4; lastKnownFileType = file.storyboard; path = AlchemyVision.storyboard; sourceTree = "<group>"; };
		BE4E52671D0BF50900F1AE8D /* Dialog.storyboard */ = {isa = PBXFileReference; fileEncoding = 4; lastKnownFileType = file.storyboard; path = Dialog.storyboard; sourceTree = "<group>"; };
		BE4E52691D0BF51100F1AE8D /* DialogViewController.swift */ = {isa = PBXFileReference; fileEncoding = 4; lastKnownFileType = sourcecode.swift; path = DialogViewController.swift; sourceTree = "<group>"; };
		BE4E526B1D0BF51C00F1AE8D /* LanguageTranslationViewController.swift */ = {isa = PBXFileReference; fileEncoding = 4; lastKnownFileType = sourcecode.swift; path = LanguageTranslationViewController.swift; sourceTree = "<group>"; };
		BE4E526D1D0BF52300F1AE8D /* LanguageTranslation.storyboard */ = {isa = PBXFileReference; fileEncoding = 4; lastKnownFileType = file.storyboard; path = LanguageTranslation.storyboard; sourceTree = "<group>"; };
		BE4E526F1D0BF52E00F1AE8D /* NaturalLanguageClassifier.storyboard */ = {isa = PBXFileReference; fileEncoding = 4; lastKnownFileType = file.storyboard; path = NaturalLanguageClassifier.storyboard; sourceTree = "<group>"; };
		BE4E52711D0BF53900F1AE8D /* NaturalLanguageClassifierViewController.swift */ = {isa = PBXFileReference; fileEncoding = 4; lastKnownFileType = sourcecode.swift; path = NaturalLanguageClassifierViewController.swift; sourceTree = "<group>"; };
		BE4E52731D0BF54300F1AE8D /* PersonalityInsightsViewController.swift */ = {isa = PBXFileReference; fileEncoding = 4; lastKnownFileType = sourcecode.swift; path = PersonalityInsightsViewController.swift; sourceTree = "<group>"; };
		BE4E52751D0BF54C00F1AE8D /* PersonalityInsights.storyboard */ = {isa = PBXFileReference; fileEncoding = 4; lastKnownFileType = file.storyboard; path = PersonalityInsights.storyboard; sourceTree = "<group>"; };
		BE4E52771D0BF55400F1AE8D /* SpeechToText.storyboard */ = {isa = PBXFileReference; fileEncoding = 4; lastKnownFileType = file.storyboard; path = SpeechToText.storyboard; sourceTree = "<group>"; };
		BE4E52791D0BF56000F1AE8D /* SpeechToTextViewController.swift */ = {isa = PBXFileReference; fileEncoding = 4; lastKnownFileType = sourcecode.swift; path = SpeechToTextViewController.swift; sourceTree = "<group>"; };
		BE4E527B1D0BF56900F1AE8D /* TextToSpeechViewController.swift */ = {isa = PBXFileReference; fileEncoding = 4; lastKnownFileType = sourcecode.swift; path = TextToSpeechViewController.swift; sourceTree = "<group>"; };
		BE4E527D1D0BF57300F1AE8D /* TextToSpeech.storyboard */ = {isa = PBXFileReference; fileEncoding = 4; lastKnownFileType = file.storyboard; path = TextToSpeech.storyboard; sourceTree = "<group>"; };
		BE4E527F1D0BF58600F1AE8D /* VisualRecognition.storyboard */ = {isa = PBXFileReference; fileEncoding = 4; lastKnownFileType = file.storyboard; path = VisualRecognition.storyboard; sourceTree = "<group>"; };
		BE4E52811D0BF59000F1AE8D /* VisualRecognitionViewController.swift */ = {isa = PBXFileReference; fileEncoding = 4; lastKnownFileType = sourcecode.swift; path = VisualRecognitionViewController.swift; sourceTree = "<group>"; };
		BE4E52831D0BFE6800F1AE8D /* UIViewController+MLAlertView.swift */ = {isa = PBXFileReference; fileEncoding = 4; lastKnownFileType = sourcecode.swift; path = "UIViewController+MLAlertView.swift"; sourceTree = "<group>"; };
		BE4E528C1D0C07D100F1AE8D /* pizza.xml */ = {isa = PBXFileReference; fileEncoding = 4; lastKnownFileType = text.xml; path = pizza.xml; sourceTree = "<group>"; };
		BE5594DB1D0839E600A76EB7 /* ServicesTableViewController.swift */ = {isa = PBXFileReference; fileEncoding = 4; lastKnownFileType = sourcecode.swift; path = ServicesTableViewController.swift; sourceTree = "<group>"; };
		BE72FC921D1AE518005953DE /* AlchemyDataNewsV1.framework */ = {isa = PBXFileReference; lastKnownFileType = wrapper.framework; name = AlchemyDataNewsV1.framework; path = Carthage/Build/iOS/AlchemyDataNewsV1.framework; sourceTree = "<group>"; };
		BE72FC931D1AE518005953DE /* ConversationV1.framework */ = {isa = PBXFileReference; lastKnownFileType = wrapper.framework; name = ConversationV1.framework; path = Carthage/Build/iOS/ConversationV1.framework; sourceTree = "<group>"; };
		BE72FC941D1AE518005953DE /* DocumentConversionV1.framework */ = {isa = PBXFileReference; lastKnownFileType = wrapper.framework; name = DocumentConversionV1.framework; path = Carthage/Build/iOS/DocumentConversionV1.framework; sourceTree = "<group>"; };
		BE72FC951D1AE518005953DE /* TradeoffAnalyticsV1.framework */ = {isa = PBXFileReference; lastKnownFileType = wrapper.framework; name = TradeoffAnalyticsV1.framework; path = Carthage/Build/iOS/TradeoffAnalyticsV1.framework; sourceTree = "<group>"; };
		BE9812AE1D0A8E5D0089F46E /* LICENSE */ = {isa = PBXFileReference; fileEncoding = 4; lastKnownFileType = text; path = LICENSE; sourceTree = "<group>"; };
		BE9812AF1D0A8E5D0089F46E /* MILAlertViewImages.xcassets */ = {isa = PBXFileReference; lastKnownFileType = folder.assetcatalog; path = MILAlertViewImages.xcassets; sourceTree = "<group>"; };
		BE9812B01D0A8E5D0089F46E /* MILAlertViewManager.swift */ = {isa = PBXFileReference; fileEncoding = 4; lastKnownFileType = sourcecode.swift; path = MILAlertViewManager.swift; sourceTree = "<group>"; };
		BE9812B21D0A8E5D0089F46E /* MILAlertView.swift */ = {isa = PBXFileReference; fileEncoding = 4; lastKnownFileType = sourcecode.swift; path = MILAlertView.swift; sourceTree = "<group>"; };
		BE9812B31D0A8E5D0089F46E /* MILAlertView.xib */ = {isa = PBXFileReference; fileEncoding = 4; lastKnownFileType = file.xib; path = MILAlertView.xib; sourceTree = "<group>"; };
		BE9812B41D0A8E5D0089F46E /* MILFakeMessageAlertView.xib */ = {isa = PBXFileReference; fileEncoding = 4; lastKnownFileType = file.xib; path = MILFakeMessageAlertView.xib; sourceTree = "<group>"; };
		BEAB3E481D08A13100E6C40F /* Base */ = {isa = PBXFileReference; lastKnownFileType = file.storyboard; name = Base; path = Base.lproj/AlchemyLanguage.storyboard; sourceTree = "<group>"; };
		BEAB3E4C1D08A16400E6C40F /* ToneAnalyzer.storyboard */ = {isa = PBXFileReference; fileEncoding = 4; lastKnownFileType = file.storyboard; path = ToneAnalyzer.storyboard; sourceTree = "<group>"; };
		BEE8659B1D06FDB300AB4240 /* Wat.app */ = {isa = PBXFileReference; explicitFileType = wrapper.application; includeInIndex = 0; path = Wat.app; sourceTree = BUILT_PRODUCTS_DIR; };
		BEE8659E1D06FDB300AB4240 /* AppDelegate.swift */ = {isa = PBXFileReference; lastKnownFileType = sourcecode.swift; path = AppDelegate.swift; sourceTree = "<group>"; };
		BEE865A01D06FDB300AB4240 /* AlchemyLanguageViewController.swift */ = {isa = PBXFileReference; lastKnownFileType = sourcecode.swift; path = AlchemyLanguageViewController.swift; sourceTree = "<group>"; };
		BEE865A31D06FDB300AB4240 /* Base */ = {isa = PBXFileReference; lastKnownFileType = file.storyboard; name = Base; path = Base.lproj/Main.storyboard; sourceTree = "<group>"; };
		BEE865A51D06FDB300AB4240 /* Assets.xcassets */ = {isa = PBXFileReference; lastKnownFileType = folder.assetcatalog; path = Assets.xcassets; sourceTree = "<group>"; };
		BEE865A81D06FDB300AB4240 /* Base */ = {isa = PBXFileReference; lastKnownFileType = file.storyboard; name = Base; path = Base.lproj/LaunchScreen.storyboard; sourceTree = "<group>"; };
		BEE865AA1D06FDB300AB4240 /* Info.plist */ = {isa = PBXFileReference; lastKnownFileType = text.plist.xml; path = Info.plist; sourceTree = "<group>"; };
/* End PBXFileReference section */

/* Begin PBXFrameworksBuildPhase section */
		BEE865981D06FDB300AB4240 /* Frameworks */ = {
			isa = PBXFrameworksBuildPhase;
			buildActionMask = 2147483647;
			files = (
				BE72FC981D1AE518005953DE /* DocumentConversionV1.framework in Frameworks */,
				BE0749021D07060200C74E8C /* Freddy.framework in Frameworks */,
				BE07490C1D07060200C74E8C /* VisualRecognitionV3.framework in Frameworks */,
				BE0749091D07060200C74E8C /* Starscream.framework in Frameworks */,
				BE0749081D07060200C74E8C /* SpeechToTextV1.framework in Frameworks */,
				BE07490A1D07060200C74E8C /* TextToSpeechV1.framework in Frameworks */,
				BE0749071D07060200C74E8C /* RestKit.framework in Frameworks */,
				BE0749001D07060200C74E8C /* AlchemyVisionV1.framework in Frameworks */,
				BE0749011D07060200C74E8C /* DialogV1.framework in Frameworks */,
				BE72FC991D1AE518005953DE /* TradeoffAnalyticsV1.framework in Frameworks */,
				BE72FC961D1AE518005953DE /* AlchemyDataNewsV1.framework in Frameworks */,
				BE0749041D07060200C74E8C /* NaturalLanguageClassifierV1.framework in Frameworks */,
				BE0748FE1D07060200C74E8C /* Alamofire.framework in Frameworks */,
				BE0749031D07060200C74E8C /* LanguageTranslationV2.framework in Frameworks */,
				BE0749051D07060200C74E8C /* ObjectMapper.framework in Frameworks */,
				BE07490B1D07060200C74E8C /* ToneAnalyzerV3.framework in Frameworks */,
				BE72FC971D1AE518005953DE /* ConversationV1.framework in Frameworks */,
				BE0749061D07060200C74E8C /* PersonalityInsightsV2.framework in Frameworks */,
				BE0748FF1D07060200C74E8C /* AlchemyLanguageV1.framework in Frameworks */,
			);
			runOnlyForDeploymentPostprocessing = 0;
		};
/* End PBXFrameworksBuildPhase section */

/* Begin PBXGroup section */
		BE07490D1D07061B00C74E8C /* Watson */ = {
			isa = PBXGroup;
			children = (
				BE0748F01D07060200C74E8C /* AlchemyLanguageV1.framework */,
				BE0748F11D07060200C74E8C /* AlchemyVisionV1.framework */,
				BE72FC921D1AE518005953DE /* AlchemyDataNewsV1.framework */,
				BE72FC931D1AE518005953DE /* ConversationV1.framework */,
				BE0748F21D07060200C74E8C /* DialogV1.framework */,
				BE72FC941D1AE518005953DE /* DocumentConversionV1.framework */,
				BE0748F41D07060200C74E8C /* LanguageTranslationV2.framework */,
				BE0748F51D07060200C74E8C /* NaturalLanguageClassifierV1.framework */,
				BE0748F71D07060200C74E8C /* PersonalityInsightsV2.framework */,
				BE0748F91D07060200C74E8C /* SpeechToTextV1.framework */,
				BE0748FA1D07060200C74E8C /* Starscream.framework */,
				BE0748FB1D07060200C74E8C /* TextToSpeechV1.framework */,
				BE0748FC1D07060200C74E8C /* ToneAnalyzerV3.framework */,
				BE72FC951D1AE518005953DE /* TradeoffAnalyticsV1.framework */,
				BE0748FD1D07060200C74E8C /* VisualRecognitionV3.framework */,
			);
			name = Watson;
			sourceTree = "<group>";
		};
		BE07490E1D07062300C74E8C /* ThirdParty */ = {
			isa = PBXGroup;
			children = (
				BE0748EF1D07060200C74E8C /* Alamofire.framework */,
				BE0748F31D07060200C74E8C /* Freddy.framework */,
				BE0748F61D07060200C74E8C /* ObjectMapper.framework */,
				BE0748F81D07060200C74E8C /* RestKit.framework */,
			);
			name = ThirdParty;
			sourceTree = "<group>";
		};
		BE0749221D070F8000C74E8C /* Supporting Files */ = {
			isa = PBXGroup;
			children = (
				BEE865A21D06FDB300AB4240 /* Main.storyboard */,
				BEE865A71D06FDB300AB4240 /* LaunchScreen.storyboard */,
				BEE865A51D06FDB300AB4240 /* Assets.xcassets */,
				BEE865AA1D06FDB300AB4240 /* Info.plist */,
			);
			name = "Supporting Files";
			sourceTree = "<group>";
		};
		BE4E525A1D0BF42700F1AE8D /* Alchemy Vision */ = {
			isa = PBXGroup;
			children = (
				BE4E52651D0BF4D000F1AE8D /* AlchemyVision.storyboard */,
				BE4E52631D0BF4C500F1AE8D /* AlchemyVisionViewController.swift */,
			);
			name = "Alchemy Vision";
			sourceTree = "<group>";
		};
		BE4E525B1D0BF43600F1AE8D /* Dialog */ = {
			isa = PBXGroup;
			children = (
				BE4E52671D0BF50900F1AE8D /* Dialog.storyboard */,
				BE4E52691D0BF51100F1AE8D /* DialogViewController.swift */,
			);
			name = Dialog;
			sourceTree = "<group>";
		};
		BE4E525C1D0BF44000F1AE8D /* Language Translation */ = {
			isa = PBXGroup;
			children = (
				BE4E526D1D0BF52300F1AE8D /* LanguageTranslation.storyboard */,
				BE4E526B1D0BF51C00F1AE8D /* LanguageTranslationViewController.swift */,
			);
			name = "Language Translation";
			sourceTree = "<group>";
		};
		BE4E525D1D0BF45400F1AE8D /* Natural Language Classifier */ = {
			isa = PBXGroup;
			children = (
				BE4E526F1D0BF52E00F1AE8D /* NaturalLanguageClassifier.storyboard */,
				BE4E52711D0BF53900F1AE8D /* NaturalLanguageClassifierViewController.swift */,
			);
			name = "Natural Language Classifier";
			sourceTree = "<group>";
		};
		BE4E525E1D0BF45D00F1AE8D /* Personality Insights */ = {
			isa = PBXGroup;
			children = (
				BE4E52751D0BF54C00F1AE8D /* PersonalityInsights.storyboard */,
				BE4E52731D0BF54300F1AE8D /* PersonalityInsightsViewController.swift */,
			);
			name = "Personality Insights";
			sourceTree = "<group>";
		};
		BE4E525F1D0BF46B00F1AE8D /* Speech to Text */ = {
			isa = PBXGroup;
			children = (
				BE4E52771D0BF55400F1AE8D /* SpeechToText.storyboard */,
				BE4E52791D0BF56000F1AE8D /* SpeechToTextViewController.swift */,
			);
			name = "Speech to Text";
			sourceTree = "<group>";
		};
		BE4E52601D0BF47700F1AE8D /* Text to Speech */ = {
			isa = PBXGroup;
			children = (
				BE4E527D1D0BF57300F1AE8D /* TextToSpeech.storyboard */,
				BE4E527B1D0BF56900F1AE8D /* TextToSpeechViewController.swift */,
			);
			name = "Text to Speech";
			sourceTree = "<group>";
		};
		BE4E52611D0BF48500F1AE8D /* Visual Recognition */ = {
			isa = PBXGroup;
			children = (
				BE4E527F1D0BF58600F1AE8D /* VisualRecognition.storyboard */,
				BE4E52811D0BF59000F1AE8D /* VisualRecognitionViewController.swift */,
			);
			name = "Visual Recognition";
			sourceTree = "<group>";
		};
		BE4E52621D0BF48C00F1AE8D /* Services */ = {
			isa = PBXGroup;
			children = (
				BEAB3E4A1D08A14000E6C40F /* Alchemy Language */,
				BE4E525A1D0BF42700F1AE8D /* Alchemy Vision */,
				BE4E525B1D0BF43600F1AE8D /* Dialog */,
				BE4E525C1D0BF44000F1AE8D /* Language Translation */,
				BE4E525D1D0BF45400F1AE8D /* Natural Language Classifier */,
				BE4E525E1D0BF45D00F1AE8D /* Personality Insights */,
				BE4E525F1D0BF46B00F1AE8D /* Speech to Text */,
				BE4E52601D0BF47700F1AE8D /* Text to Speech */,
				BEAB3E4B1D08A14D00E6C40F /* Tone Analyzer */,
				BE4E52611D0BF48500F1AE8D /* Visual Recognition */,
			);
			name = Services;
			sourceTree = "<group>";
		};
		BE4E52851D0C038A00F1AE8D /* Resources */ = {
			isa = PBXGroup;
			children = (
				BE4E528C1D0C07D100F1AE8D /* pizza.xml */,
			);
			name = Resources;
			path = Sources;
			sourceTree = "<group>";
		};
		BE9812AD1D0A8E5D0089F46E /* MILAlertView */ = {
			isa = PBXGroup;
			children = (
				BE9812AE1D0A8E5D0089F46E /* LICENSE */,
				BE9812AF1D0A8E5D0089F46E /* MILAlertViewImages.xcassets */,
				BE9812B01D0A8E5D0089F46E /* MILAlertViewManager.swift */,
				BE9812B11D0A8E5D0089F46E /* Views */,
			);
			path = MILAlertView;
			sourceTree = "<group>";
		};
		BE9812B11D0A8E5D0089F46E /* Views */ = {
			isa = PBXGroup;
			children = (
				BE9812B21D0A8E5D0089F46E /* MILAlertView.swift */,
				BE9812B31D0A8E5D0089F46E /* MILAlertView.xib */,
				BE9812B41D0A8E5D0089F46E /* MILFakeMessageAlertView.xib */,
			);
			path = Views;
			sourceTree = "<group>";
		};
		BEAB3E4A1D08A14000E6C40F /* Alchemy Language */ = {
			isa = PBXGroup;
			children = (
				BEAB3E471D08A13100E6C40F /* AlchemyLanguage.storyboard */,
				BEE865A01D06FDB300AB4240 /* AlchemyLanguageViewController.swift */,
			);
			name = "Alchemy Language";
			sourceTree = "<group>";
		};
		BEAB3E4B1D08A14D00E6C40F /* Tone Analyzer */ = {
			isa = PBXGroup;
			children = (
				BEAB3E4C1D08A16400E6C40F /* ToneAnalyzer.storyboard */,
				BE02DD2E1D08A0730079075A /* ToneAnalyzerViewController.swift */,
			);
			name = "Tone Analyzer";
			sourceTree = "<group>";
		};
		BEE865921D06FDB300AB4240 = {
			isa = PBXGroup;
			children = (
				BEE8659D1D06FDB300AB4240 /* Sources */,
				BE4E52851D0C038A00F1AE8D /* Resources */,
				BEE865B01D06FE9500AB4240 /* Frameworks */,
				BEE8659C1D06FDB300AB4240 /* Products */,
			);
			sourceTree = "<group>";
		};
		BEE8659C1D06FDB300AB4240 /* Products */ = {
			isa = PBXGroup;
			children = (
				BEE8659B1D06FDB300AB4240 /* Wat.app */,
			);
			name = Products;
			sourceTree = "<group>";
		};
		BEE8659D1D06FDB300AB4240 /* Sources */ = {
			isa = PBXGroup;
			children = (
				BEE8659E1D06FDB300AB4240 /* AppDelegate.swift */,
				BE07491F1D0706FB00C74E8C /* Credentials.swift */,
				BE5594DB1D0839E600A76EB7 /* ServicesTableViewController.swift */,
				BE4E52831D0BFE6800F1AE8D /* UIViewController+MLAlertView.swift */,
				BE30820B1D0D6DA8008A4A5F /* UIViewController+Keyboard.swift */,
				BE4E52621D0BF48C00F1AE8D /* Services */,
				BE9812AD1D0A8E5D0089F46E /* MILAlertView */,
				BE0749221D070F8000C74E8C /* Supporting Files */,
			);
			path = Sources;
			sourceTree = "<group>";
		};
		BEE865B01D06FE9500AB4240 /* Frameworks */ = {
			isa = PBXGroup;
			children = (
				BE07490E1D07062300C74E8C /* ThirdParty */,
				BE07490D1D07061B00C74E8C /* Watson */,
			);
			name = Frameworks;
			sourceTree = "<group>";
		};
/* End PBXGroup section */

/* Begin PBXNativeTarget section */
		BEE8659A1D06FDB300AB4240 /* Wat */ = {
			isa = PBXNativeTarget;
			buildConfigurationList = BEE865AD1D06FDB300AB4240 /* Build configuration list for PBXNativeTarget "Wat" */;
			buildPhases = (
				BEE865971D06FDB300AB4240 /* Sources */,
				BEE865981D06FDB300AB4240 /* Frameworks */,
				BEE865991D06FDB300AB4240 /* Resources */,
				BE07490F1D07065100C74E8C /* CopyFiles */,
			);
			buildRules = (
			);
			dependencies = (
			);
			name = Wat;
			productName = "ToneAnalyzer-iOS";
			productReference = BEE8659B1D06FDB300AB4240 /* Wat.app */;
			productType = "com.apple.product-type.application";
		};
/* End PBXNativeTarget section */

/* Begin PBXProject section */
		BEE865931D06FDB300AB4240 /* Project object */ = {
			isa = PBXProject;
			attributes = {
				LastSwiftUpdateCheck = 0730;
				LastUpgradeCheck = 0730;
				ORGANIZATIONNAME = "Thomas Paul Mann";
				TargetAttributes = {
					BEE8659A1D06FDB300AB4240 = {
						CreatedOnToolsVersion = 7.3.1;
					};
				};
			};
			buildConfigurationList = BEE865961D06FDB300AB4240 /* Build configuration list for PBXProject "Wat" */;
			compatibilityVersion = "Xcode 3.2";
			developmentRegion = English;
			hasScannedForEncodings = 0;
			knownRegions = (
				en,
				Base,
			);
			mainGroup = BEE865921D06FDB300AB4240;
			productRefGroup = BEE8659C1D06FDB300AB4240 /* Products */;
			projectDirPath = "";
			projectRoot = "";
			targets = (
				BEE8659A1D06FDB300AB4240 /* Wat */,
			);
		};
/* End PBXProject section */

/* Begin PBXResourcesBuildPhase section */
		BEE865991D06FDB300AB4240 /* Resources */ = {
			isa = PBXResourcesBuildPhase;
			buildActionMask = 2147483647;
			files = (
				BE4E526E1D0BF52300F1AE8D /* LanguageTranslation.storyboard in Resources */,
				BE4E52661D0BF4D000F1AE8D /* AlchemyVision.storyboard in Resources */,
				BE9812B51D0A8E5D0089F46E /* LICENSE in Resources */,
				BE4E52801D0BF58600F1AE8D /* VisualRecognition.storyboard in Resources */,
				BEAB3E4D1D08A16400E6C40F /* ToneAnalyzer.storyboard in Resources */,
				BE4E52701D0BF52E00F1AE8D /* NaturalLanguageClassifier.storyboard in Resources */,
				BE4E52681D0BF50900F1AE8D /* Dialog.storyboard in Resources */,
				BE9812BA1D0A8E5D0089F46E /* MILFakeMessageAlertView.xib in Resources */,
				BE9812B61D0A8E5D0089F46E /* MILAlertViewImages.xcassets in Resources */,
				BEAB3E491D08A13100E6C40F /* AlchemyLanguage.storyboard in Resources */,
				BEE865A91D06FDB300AB4240 /* LaunchScreen.storyboard in Resources */,
				BE4E52761D0BF54C00F1AE8D /* PersonalityInsights.storyboard in Resources */,
				BE4E52781D0BF55400F1AE8D /* SpeechToText.storyboard in Resources */,
				BE4E528D1D0C07D100F1AE8D /* pizza.xml in Resources */,
				BEE865A61D06FDB300AB4240 /* Assets.xcassets in Resources */,
				BE9812B91D0A8E5D0089F46E /* MILAlertView.xib in Resources */,
				BE4E527E1D0BF57300F1AE8D /* TextToSpeech.storyboard in Resources */,
				BEE865A41D06FDB300AB4240 /* Main.storyboard in Resources */,
			);
			runOnlyForDeploymentPostprocessing = 0;
		};
/* End PBXResourcesBuildPhase section */

/* Begin PBXSourcesBuildPhase section */
		BEE865971D06FDB300AB4240 /* Sources */ = {
			isa = PBXSourcesBuildPhase;
			buildActionMask = 2147483647;
			files = (
				BE30820C1D0D6DA9008A4A5F /* UIViewController+Keyboard.swift in Sources */,
				BE4E527A1D0BF56000F1AE8D /* SpeechToTextViewController.swift in Sources */,
				BE0749201D0706FB00C74E8C /* Credentials.swift in Sources */,
				BE9812B81D0A8E5D0089F46E /* MILAlertView.swift in Sources */,
				BE4E52821D0BF59000F1AE8D /* VisualRecognitionViewController.swift in Sources */,
				BE4E526C1D0BF51C00F1AE8D /* LanguageTranslationViewController.swift in Sources */,
				BE4E52841D0BFE6800F1AE8D /* UIViewController+MLAlertView.swift in Sources */,
				BE4E52641D0BF4C500F1AE8D /* AlchemyVisionViewController.swift in Sources */,
				BE4E52721D0BF53900F1AE8D /* NaturalLanguageClassifierViewController.swift in Sources */,
				BE5594DC1D0839E600A76EB7 /* ServicesTableViewController.swift in Sources */,
				BEE865A11D06FDB300AB4240 /* AlchemyLanguageViewController.swift in Sources */,
				BE4E526A1D0BF51100F1AE8D /* DialogViewController.swift in Sources */,
				BE4E52741D0BF54300F1AE8D /* PersonalityInsightsViewController.swift in Sources */,
				BE02DD2F1D08A0730079075A /* ToneAnalyzerViewController.swift in Sources */,
				BEE8659F1D06FDB300AB4240 /* AppDelegate.swift in Sources */,
				BE4E527C1D0BF56900F1AE8D /* TextToSpeechViewController.swift in Sources */,
				BE9812B71D0A8E5D0089F46E /* MILAlertViewManager.swift in Sources */,
			);
			runOnlyForDeploymentPostprocessing = 0;
		};
/* End PBXSourcesBuildPhase section */

/* Begin PBXVariantGroup section */
		BEAB3E471D08A13100E6C40F /* AlchemyLanguage.storyboard */ = {
			isa = PBXVariantGroup;
			children = (
				BEAB3E481D08A13100E6C40F /* Base */,
			);
			name = AlchemyLanguage.storyboard;
			sourceTree = "<group>";
		};
		BEE865A21D06FDB300AB4240 /* Main.storyboard */ = {
			isa = PBXVariantGroup;
			children = (
				BEE865A31D06FDB300AB4240 /* Base */,
			);
			name = Main.storyboard;
			sourceTree = "<group>";
		};
		BEE865A71D06FDB300AB4240 /* LaunchScreen.storyboard */ = {
			isa = PBXVariantGroup;
			children = (
				BEE865A81D06FDB300AB4240 /* Base */,
			);
			name = LaunchScreen.storyboard;
			sourceTree = "<group>";
		};
/* End PBXVariantGroup section */

/* Begin XCBuildConfiguration section */
		BEE865AB1D06FDB300AB4240 /* Debug */ = {
			isa = XCBuildConfiguration;
			buildSettings = {
				ALWAYS_SEARCH_USER_PATHS = NO;
				CLANG_ANALYZER_NONNULL = YES;
				CLANG_CXX_LANGUAGE_STANDARD = "gnu++0x";
				CLANG_CXX_LIBRARY = "libc++";
				CLANG_ENABLE_MODULES = YES;
				CLANG_ENABLE_OBJC_ARC = YES;
				CLANG_WARN_BOOL_CONVERSION = YES;
				CLANG_WARN_CONSTANT_CONVERSION = YES;
				CLANG_WARN_DIRECT_OBJC_ISA_USAGE = YES_ERROR;
				CLANG_WARN_EMPTY_BODY = YES;
				CLANG_WARN_ENUM_CONVERSION = YES;
				CLANG_WARN_INT_CONVERSION = YES;
				CLANG_WARN_OBJC_ROOT_CLASS = YES_ERROR;
				CLANG_WARN_UNREACHABLE_CODE = YES;
				CLANG_WARN__DUPLICATE_METHOD_MATCH = YES;
				"CODE_SIGN_IDENTITY[sdk=iphoneos*]" = "iPhone Developer";
				COPY_PHASE_STRIP = NO;
				DEBUG_INFORMATION_FORMAT = dwarf;
				ENABLE_STRICT_OBJC_MSGSEND = YES;
				ENABLE_TESTABILITY = YES;
				GCC_C_LANGUAGE_STANDARD = gnu99;
				GCC_DYNAMIC_NO_PIC = NO;
				GCC_NO_COMMON_BLOCKS = YES;
				GCC_OPTIMIZATION_LEVEL = 0;
				GCC_PREPROCESSOR_DEFINITIONS = (
					"DEBUG=1",
					"$(inherited)",
				);
				GCC_WARN_64_TO_32_BIT_CONVERSION = YES;
				GCC_WARN_ABOUT_RETURN_TYPE = YES_ERROR;
				GCC_WARN_UNDECLARED_SELECTOR = YES;
				GCC_WARN_UNINITIALIZED_AUTOS = YES_AGGRESSIVE;
				GCC_WARN_UNUSED_FUNCTION = YES;
				GCC_WARN_UNUSED_VARIABLE = YES;
				IPHONEOS_DEPLOYMENT_TARGET = 9.3;
				MTL_ENABLE_DEBUG_INFO = YES;
				ONLY_ACTIVE_ARCH = YES;
				SDKROOT = iphoneos;
				SWIFT_OPTIMIZATION_LEVEL = "-Onone";
			};
			name = Debug;
		};
		BEE865AC1D06FDB300AB4240 /* Release */ = {
			isa = XCBuildConfiguration;
			buildSettings = {
				ALWAYS_SEARCH_USER_PATHS = NO;
				CLANG_ANALYZER_NONNULL = YES;
				CLANG_CXX_LANGUAGE_STANDARD = "gnu++0x";
				CLANG_CXX_LIBRARY = "libc++";
				CLANG_ENABLE_MODULES = YES;
				CLANG_ENABLE_OBJC_ARC = YES;
				CLANG_WARN_BOOL_CONVERSION = YES;
				CLANG_WARN_CONSTANT_CONVERSION = YES;
				CLANG_WARN_DIRECT_OBJC_ISA_USAGE = YES_ERROR;
				CLANG_WARN_EMPTY_BODY = YES;
				CLANG_WARN_ENUM_CONVERSION = YES;
				CLANG_WARN_INT_CONVERSION = YES;
				CLANG_WARN_OBJC_ROOT_CLASS = YES_ERROR;
				CLANG_WARN_UNREACHABLE_CODE = YES;
				CLANG_WARN__DUPLICATE_METHOD_MATCH = YES;
				"CODE_SIGN_IDENTITY[sdk=iphoneos*]" = "iPhone Developer";
				COPY_PHASE_STRIP = NO;
				DEBUG_INFORMATION_FORMAT = "dwarf-with-dsym";
				ENABLE_NS_ASSERTIONS = NO;
				ENABLE_STRICT_OBJC_MSGSEND = YES;
				GCC_C_LANGUAGE_STANDARD = gnu99;
				GCC_NO_COMMON_BLOCKS = YES;
				GCC_WARN_64_TO_32_BIT_CONVERSION = YES;
				GCC_WARN_ABOUT_RETURN_TYPE = YES_ERROR;
				GCC_WARN_UNDECLARED_SELECTOR = YES;
				GCC_WARN_UNINITIALIZED_AUTOS = YES_AGGRESSIVE;
				GCC_WARN_UNUSED_FUNCTION = YES;
				GCC_WARN_UNUSED_VARIABLE = YES;
				IPHONEOS_DEPLOYMENT_TARGET = 9.3;
				MTL_ENABLE_DEBUG_INFO = NO;
				SDKROOT = iphoneos;
				VALIDATE_PRODUCT = YES;
			};
			name = Release;
		};
		BEE865AE1D06FDB300AB4240 /* Debug */ = {
			isa = XCBuildConfiguration;
			buildSettings = {
				ASSETCATALOG_COMPILER_APPICON_NAME = AppIcon;
				FRAMEWORK_SEARCH_PATHS = (
					"$(inherited)",
					"$(PROJECT_DIR)/Carthage/Build/iOS",
				);
				INFOPLIST_FILE = "$(SRCROOT)/Sources/Info.plist";
				LD_RUNPATH_SEARCH_PATHS = "$(inherited) @executable_path/Frameworks";
				PRODUCT_BUNDLE_IDENTIFIER = "com.thomaspaulmann.ToneAnalyzer-iOS";
				PRODUCT_NAME = Wat;
			};
			name = Debug;
		};
		BEE865AF1D06FDB300AB4240 /* Release */ = {
			isa = XCBuildConfiguration;
			buildSettings = {
				ASSETCATALOG_COMPILER_APPICON_NAME = AppIcon;
				FRAMEWORK_SEARCH_PATHS = (
					"$(inherited)",
					"$(PROJECT_DIR)/Carthage/Build/iOS",
				);
				INFOPLIST_FILE = "$(SRCROOT)/Sources/Info.plist";
				LD_RUNPATH_SEARCH_PATHS = "$(inherited) @executable_path/Frameworks";
				PRODUCT_BUNDLE_IDENTIFIER = "com.thomaspaulmann.ToneAnalyzer-iOS";
				PRODUCT_NAME = Wat;
			};
			name = Release;
		};
/* End XCBuildConfiguration section */

/* Begin XCConfigurationList section */
		BEE865961D06FDB300AB4240 /* Build configuration list for PBXProject "Wat" */ = {
			isa = XCConfigurationList;
			buildConfigurations = (
				BEE865AB1D06FDB300AB4240 /* Debug */,
				BEE865AC1D06FDB300AB4240 /* Release */,
			);
			defaultConfigurationIsVisible = 0;
			defaultConfigurationName = Release;
		};
		BEE865AD1D06FDB300AB4240 /* Build configuration list for PBXNativeTarget "Wat" */ = {
			isa = XCConfigurationList;
			buildConfigurations = (
				BEE865AE1D06FDB300AB4240 /* Debug */,
				BEE865AF1D06FDB300AB4240 /* Release */,
			);
			defaultConfigurationIsVisible = 0;
			defaultConfigurationName = Release;
		};
/* End XCConfigurationList section */
	};
	rootObject = BEE865931D06FDB300AB4240 /* Project object */;
}
